// !$*UTF8*$!
{
	archiveVersion = 1;
	classes = {
	};
	objectVersion = 48;
	objects = {

/* Begin PBXBuildFile section */
		405BFB8ABDE7B2EDC4743121 /* Pods_Quiz.framework in Frameworks */ = {isa = PBXBuildFile; fileRef = 0547AE25FE9ABFC21D74555C /* Pods_Quiz.framework */; };
		4904DDDF204345ED0004F798 /* OptionMO+CoreDataClass.swift in Sources */ = {isa = PBXBuildFile; fileRef = 4904DDDD204345ED0004F798 /* OptionMO+CoreDataClass.swift */; };
		4904DDE0204345ED0004F798 /* OptionMO+CoreDataProperties.swift in Sources */ = {isa = PBXBuildFile; fileRef = 4904DDDE204345ED0004F798 /* OptionMO+CoreDataProperties.swift */; };
		49C4DB6B2055CC2400980DD6 /* PlayModeViewController.xib in Resources */ = {isa = PBXBuildFile; fileRef = 49C4DB692055CC2400980DD6 /* PlayModeViewController.xib */; };
		49C4DB6E2057288D00980DD6 /* PlayModeViewController.swift in Sources */ = {isa = PBXBuildFile; fileRef = 49C4DB6D2057288D00980DD6 /* PlayModeViewController.swift */; };
		49CF927C2055744E00FA68C0 /* MainMenuViewController.swift in Sources */ = {isa = PBXBuildFile; fileRef = 49CF927A2055744E00FA68C0 /* MainMenuViewController.swift */; };
		49CF927D2055744E00FA68C0 /* MainMenuViewController.xib in Resources */ = {isa = PBXBuildFile; fileRef = 49CF927B2055744E00FA68C0 /* MainMenuViewController.xib */; };
		49CF92812055946600FA68C0 /* PlayLevelsViewController.swift in Sources */ = {isa = PBXBuildFile; fileRef = 49CF927F2055946600FA68C0 /* PlayLevelsViewController.swift */; };
		49CF92822055946600FA68C0 /* PlayLevelsViewController.xib in Resources */ = {isa = PBXBuildFile; fileRef = 49CF92802055946600FA68C0 /* PlayLevelsViewController.xib */; };
		8824F66C20517FE200AD79BA /* ReusableView.swift in Sources */ = {isa = PBXBuildFile; fileRef = 8824F66A20517FE200AD79BA /* ReusableView.swift */; };
		8824F66D20517FE200AD79BA /* NibLoadableView.swift in Sources */ = {isa = PBXBuildFile; fileRef = 8824F66B20517FE200AD79BA /* NibLoadableView.swift */; };
		8824F66F2051820200AD79BA /* UITableView+Extansion.swift in Sources */ = {isa = PBXBuildFile; fileRef = 8824F66E2051820200AD79BA /* UITableView+Extansion.swift */; };
		88452DE52008A72F000AE4B2 /* AppDelegate.swift in Sources */ = {isa = PBXBuildFile; fileRef = 88452DE42008A72F000AE4B2 /* AppDelegate.swift */; };
		88452DEC2008A72F000AE4B2 /* Assets.xcassets in Resources */ = {isa = PBXBuildFile; fileRef = 88452DEB2008A72F000AE4B2 /* Assets.xcassets */; };
		88452DEF2008A72F000AE4B2 /* LaunchScreen.storyboard in Resources */ = {isa = PBXBuildFile; fileRef = 88452DED2008A72F000AE4B2 /* LaunchScreen.storyboard */; };
		88452DFE2008A8B1000AE4B2 /* QuestionViewController.swift in Sources */ = {isa = PBXBuildFile; fileRef = 88452DF82008A8B1000AE4B2 /* QuestionViewController.swift */; };
		88452E002008A8B1000AE4B2 /* AnswerTimeViewController.xib in Resources */ = {isa = PBXBuildFile; fileRef = 88452DFA2008A8B1000AE4B2 /* AnswerTimeViewController.xib */; };
		88452E012008A8B1000AE4B2 /* AnswerTimeViewController.swift in Sources */ = {isa = PBXBuildFile; fileRef = 88452DFB2008A8B1000AE4B2 /* AnswerTimeViewController.swift */; };
		88452E022008A8B1000AE4B2 /* QuestionViewController.xib in Resources */ = {isa = PBXBuildFile; fileRef = 88452DFC2008A8B1000AE4B2 /* QuestionViewController.xib */; };
		88452E092008A8C7000AE4B2 /* QuestionTableViewCell.swift in Sources */ = {isa = PBXBuildFile; fileRef = 88452E062008A8C7000AE4B2 /* QuestionTableViewCell.swift */; };
		88452E0A2008A8C7000AE4B2 /* QuestionTableViewCell.xib in Resources */ = {isa = PBXBuildFile; fileRef = 88452E072008A8C7000AE4B2 /* QuestionTableViewCell.xib */; };
		88452E152008A8D0000AE4B2 /* DataManager.swift in Sources */ = {isa = PBXBuildFile; fileRef = 88452E0C2008A8CF000AE4B2 /* DataManager.swift */; };
		88452E162008A8D0000AE4B2 /* QuizEndpoint.swift in Sources */ = {isa = PBXBuildFile; fileRef = 88452E0F2008A8CF000AE4B2 /* QuizEndpoint.swift */; };
		88452E172008A8D0000AE4B2 /* Endpoint.swift in Sources */ = {isa = PBXBuildFile; fileRef = 88452E102008A8CF000AE4B2 /* Endpoint.swift */; };
		88452E182008A8D0000AE4B2 /* NetworkService.swift in Sources */ = {isa = PBXBuildFile; fileRef = 88452E112008A8D0000AE4B2 /* NetworkService.swift */; };
		88452E192008A8D0000AE4B2 /* QuestionStorage.swift in Sources */ = {isa = PBXBuildFile; fileRef = 88452E122008A8D0000AE4B2 /* QuestionStorage.swift */; };
		88452E1A2008A8D0000AE4B2 /* Question.swift in Sources */ = {isa = PBXBuildFile; fileRef = 88452E132008A8D0000AE4B2 /* Question.swift */; };
		88452E1B2008A8D0000AE4B2 /* Category.swift in Sources */ = {isa = PBXBuildFile; fileRef = 88452E142008A8D0000AE4B2 /* Category.swift */; };
		88452E202008A8D6000AE4B2 /* Utils.swift in Sources */ = {isa = PBXBuildFile; fileRef = 88452E1E2008A8D6000AE4B2 /* Utils.swift */; };
		88452E232008A8DC000AE4B2 /* Alertable.swift in Sources */ = {isa = PBXBuildFile; fileRef = 88452E222008A8DC000AE4B2 /* Alertable.swift */; };
		88452E272008A8E0000AE4B2 /* Notification+Extansion.swift in Sources */ = {isa = PBXBuildFile; fileRef = 88452E252008A8E0000AE4B2 /* Notification+Extansion.swift */; };
		88452E282008A8E0000AE4B2 /* PKHUD+Extension.swift in Sources */ = {isa = PBXBuildFile; fileRef = 88452E262008A8E0000AE4B2 /* PKHUD+Extension.swift */; };
		88901942204EFBD2008D5EDA /* Quiz.sqlite in Resources */ = {isa = PBXBuildFile; fileRef = 8890193F204EFBD2008D5EDA /* Quiz.sqlite */; };
		88BC8D602059503400835223 /* AnswerLifeViewController.swift in Sources */ = {isa = PBXBuildFile; fileRef = 88BC8D5E2059503400835223 /* AnswerLifeViewController.swift */; };
		88C0D3772046B89D0029D6ED /* Constants.swift in Sources */ = {isa = PBXBuildFile; fileRef = 88C0D3762046B89D0029D6ED /* Constants.swift */; };
		88C14D13201B565D00E42882 /* Quiz.xcdatamodeld in Sources */ = {isa = PBXBuildFile; fileRef = 88C14D11201B565D00E42882 /* Quiz.xcdatamodeld */; };
		88C14D15201B567100E42882 /* CoreDataManager.swift in Sources */ = {isa = PBXBuildFile; fileRef = 88C14D14201B567100E42882 /* CoreDataManager.swift */; };
		88C14D1C201B5D4A00E42882 /* QuestionMO+CoreDataClass.swift in Sources */ = {isa = PBXBuildFile; fileRef = 88C14D18201B5D4A00E42882 /* QuestionMO+CoreDataClass.swift */; };
		88C14D1D201B5D4A00E42882 /* QuestionMO+CoreDataProperties.swift in Sources */ = {isa = PBXBuildFile; fileRef = 88C14D19201B5D4A00E42882 /* QuestionMO+CoreDataProperties.swift */; };
		88C14D1E201B5D4A00E42882 /* CategoryMO+CoreDataClass.swift in Sources */ = {isa = PBXBuildFile; fileRef = 88C14D1A201B5D4A00E42882 /* CategoryMO+CoreDataClass.swift */; };
		88C14D1F201B5D4A00E42882 /* CategoryMO+CoreDataProperties.swift in Sources */ = {isa = PBXBuildFile; fileRef = 88C14D1B201B5D4A00E42882 /* CategoryMO+CoreDataProperties.swift */; };
		88D1840120446FA4001A0A8D /* GlobalApperance.swift in Sources */ = {isa = PBXBuildFile; fileRef = 88D1840020446FA4001A0A8D /* GlobalApperance.swift */; };
		88F6745920595F7800ED44E7 /* AnswerLifeViewController.xib in Resources */ = {isa = PBXBuildFile; fileRef = 88BC8D5F2059503400835223 /* AnswerLifeViewController.xib */; };
/* End PBXBuildFile section */

/* Begin PBXFileReference section */
		0547AE25FE9ABFC21D74555C /* Pods_Quiz.framework */ = {isa = PBXFileReference; explicitFileType = wrapper.framework; includeInIndex = 0; path = Pods_Quiz.framework; sourceTree = BUILT_PRODUCTS_DIR; };
		43BBAF677F7AB9E393B52257 /* Pods-Quiz.release.xcconfig */ = {isa = PBXFileReference; includeInIndex = 1; lastKnownFileType = text.xcconfig; name = "Pods-Quiz.release.xcconfig"; path = "Pods/Target Support Files/Pods-Quiz/Pods-Quiz.release.xcconfig"; sourceTree = "<group>"; };
		4904DDDD204345ED0004F798 /* OptionMO+CoreDataClass.swift */ = {isa = PBXFileReference; lastKnownFileType = sourcecode.swift; path = "OptionMO+CoreDataClass.swift"; sourceTree = "<group>"; };
		4904DDDE204345ED0004F798 /* OptionMO+CoreDataProperties.swift */ = {isa = PBXFileReference; lastKnownFileType = sourcecode.swift; path = "OptionMO+CoreDataProperties.swift"; sourceTree = "<group>"; };
		49C4DB692055CC2400980DD6 /* PlayModeViewController.xib */ = {isa = PBXFileReference; lastKnownFileType = file.xib; path = PlayModeViewController.xib; sourceTree = "<group>"; };
		49C4DB6D2057288D00980DD6 /* PlayModeViewController.swift */ = {isa = PBXFileReference; fileEncoding = 4; lastKnownFileType = sourcecode.swift; path = PlayModeViewController.swift; sourceTree = "<group>"; };
		49CF927A2055744E00FA68C0 /* MainMenuViewController.swift */ = {isa = PBXFileReference; lastKnownFileType = sourcecode.swift; path = MainMenuViewController.swift; sourceTree = "<group>"; };
		49CF927B2055744E00FA68C0 /* MainMenuViewController.xib */ = {isa = PBXFileReference; lastKnownFileType = file.xib; path = MainMenuViewController.xib; sourceTree = "<group>"; };
		49CF927F2055946600FA68C0 /* PlayLevelsViewController.swift */ = {isa = PBXFileReference; lastKnownFileType = sourcecode.swift; path = PlayLevelsViewController.swift; sourceTree = "<group>"; };
		49CF92802055946600FA68C0 /* PlayLevelsViewController.xib */ = {isa = PBXFileReference; lastKnownFileType = file.xib; path = PlayLevelsViewController.xib; sourceTree = "<group>"; };
		8824F66A20517FE200AD79BA /* ReusableView.swift */ = {isa = PBXFileReference; fileEncoding = 4; lastKnownFileType = sourcecode.swift; path = ReusableView.swift; sourceTree = "<group>"; };
		8824F66B20517FE200AD79BA /* NibLoadableView.swift */ = {isa = PBXFileReference; fileEncoding = 4; lastKnownFileType = sourcecode.swift; path = NibLoadableView.swift; sourceTree = "<group>"; };
		8824F66E2051820200AD79BA /* UITableView+Extansion.swift */ = {isa = PBXFileReference; lastKnownFileType = sourcecode.swift; path = "UITableView+Extansion.swift"; sourceTree = "<group>"; };
		88452DE12008A72F000AE4B2 /* Quiz.app */ = {isa = PBXFileReference; explicitFileType = wrapper.application; includeInIndex = 0; path = Quiz.app; sourceTree = BUILT_PRODUCTS_DIR; };
		88452DE42008A72F000AE4B2 /* AppDelegate.swift */ = {isa = PBXFileReference; lastKnownFileType = sourcecode.swift; path = AppDelegate.swift; sourceTree = "<group>"; };
		88452DEB2008A72F000AE4B2 /* Assets.xcassets */ = {isa = PBXFileReference; lastKnownFileType = folder.assetcatalog; path = Assets.xcassets; sourceTree = "<group>"; };
		88452DEE2008A72F000AE4B2 /* Base */ = {isa = PBXFileReference; lastKnownFileType = file.storyboard; name = Base; path = Base.lproj/LaunchScreen.storyboard; sourceTree = "<group>"; };
		88452DF02008A72F000AE4B2 /* Info.plist */ = {isa = PBXFileReference; lastKnownFileType = text.plist.xml; path = Info.plist; sourceTree = "<group>"; };
		88452DF82008A8B1000AE4B2 /* QuestionViewController.swift */ = {isa = PBXFileReference; fileEncoding = 4; lastKnownFileType = sourcecode.swift; path = QuestionViewController.swift; sourceTree = "<group>"; };
		88452DFA2008A8B1000AE4B2 /* AnswerTimeViewController.xib */ = {isa = PBXFileReference; fileEncoding = 4; lastKnownFileType = file.xib; path = AnswerTimeViewController.xib; sourceTree = "<group>"; };
		88452DFB2008A8B1000AE4B2 /* AnswerTimeViewController.swift */ = {isa = PBXFileReference; fileEncoding = 4; lastKnownFileType = sourcecode.swift; path = AnswerTimeViewController.swift; sourceTree = "<group>"; };
		88452DFC2008A8B1000AE4B2 /* QuestionViewController.xib */ = {isa = PBXFileReference; fileEncoding = 4; lastKnownFileType = file.xib; path = QuestionViewController.xib; sourceTree = "<group>"; };
		88452E062008A8C7000AE4B2 /* QuestionTableViewCell.swift */ = {isa = PBXFileReference; fileEncoding = 4; lastKnownFileType = sourcecode.swift; path = QuestionTableViewCell.swift; sourceTree = "<group>"; };
		88452E072008A8C7000AE4B2 /* QuestionTableViewCell.xib */ = {isa = PBXFileReference; fileEncoding = 4; lastKnownFileType = file.xib; path = QuestionTableViewCell.xib; sourceTree = "<group>"; };
		88452E0C2008A8CF000AE4B2 /* DataManager.swift */ = {isa = PBXFileReference; fileEncoding = 4; lastKnownFileType = sourcecode.swift; path = DataManager.swift; sourceTree = "<group>"; };
		88452E0F2008A8CF000AE4B2 /* QuizEndpoint.swift */ = {isa = PBXFileReference; fileEncoding = 4; lastKnownFileType = sourcecode.swift; path = QuizEndpoint.swift; sourceTree = "<group>"; };
		88452E102008A8CF000AE4B2 /* Endpoint.swift */ = {isa = PBXFileReference; fileEncoding = 4; lastKnownFileType = sourcecode.swift; path = Endpoint.swift; sourceTree = "<group>"; };
		88452E112008A8D0000AE4B2 /* NetworkService.swift */ = {isa = PBXFileReference; fileEncoding = 4; lastKnownFileType = sourcecode.swift; path = NetworkService.swift; sourceTree = "<group>"; };
		88452E122008A8D0000AE4B2 /* QuestionStorage.swift */ = {isa = PBXFileReference; fileEncoding = 4; lastKnownFileType = sourcecode.swift; path = QuestionStorage.swift; sourceTree = "<group>"; };
		88452E132008A8D0000AE4B2 /* Question.swift */ = {isa = PBXFileReference; fileEncoding = 4; lastKnownFileType = sourcecode.swift; path = Question.swift; sourceTree = "<group>"; };
		88452E142008A8D0000AE4B2 /* Category.swift */ = {isa = PBXFileReference; fileEncoding = 4; lastKnownFileType = sourcecode.swift; path = Category.swift; sourceTree = "<group>"; };
		88452E1E2008A8D6000AE4B2 /* Utils.swift */ = {isa = PBXFileReference; fileEncoding = 4; lastKnownFileType = sourcecode.swift; path = Utils.swift; sourceTree = "<group>"; };
		88452E222008A8DC000AE4B2 /* Alertable.swift */ = {isa = PBXFileReference; fileEncoding = 4; lastKnownFileType = sourcecode.swift; path = Alertable.swift; sourceTree = "<group>"; };
		88452E252008A8E0000AE4B2 /* Notification+Extansion.swift */ = {isa = PBXFileReference; fileEncoding = 4; lastKnownFileType = sourcecode.swift; path = "Notification+Extansion.swift"; sourceTree = "<group>"; };
		88452E262008A8E0000AE4B2 /* PKHUD+Extension.swift */ = {isa = PBXFileReference; fileEncoding = 4; lastKnownFileType = sourcecode.swift; path = "PKHUD+Extension.swift"; sourceTree = "<group>"; };
		8890193F204EFBD2008D5EDA /* Quiz.sqlite */ = {isa = PBXFileReference; lastKnownFileType = file; path = Quiz.sqlite; sourceTree = "<group>"; };
		88BC8D5E2059503400835223 /* AnswerLifeViewController.swift */ = {isa = PBXFileReference; lastKnownFileType = sourcecode.swift; path = AnswerLifeViewController.swift; sourceTree = "<group>"; };
		88BC8D5F2059503400835223 /* AnswerLifeViewController.xib */ = {isa = PBXFileReference; lastKnownFileType = file.xib; path = AnswerLifeViewController.xib; sourceTree = "<group>"; };
		88C0D3762046B89D0029D6ED /* Constants.swift */ = {isa = PBXFileReference; lastKnownFileType = sourcecode.swift; path = Constants.swift; sourceTree = "<group>"; };
		88C14D12201B565D00E42882 /* Quiz.xcdatamodel */ = {isa = PBXFileReference; lastKnownFileType = wrapper.xcdatamodel; path = Quiz.xcdatamodel; sourceTree = "<group>"; };
		88C14D14201B567100E42882 /* CoreDataManager.swift */ = {isa = PBXFileReference; lastKnownFileType = sourcecode.swift; path = CoreDataManager.swift; sourceTree = "<group>"; };
		88C14D18201B5D4A00E42882 /* QuestionMO+CoreDataClass.swift */ = {isa = PBXFileReference; lastKnownFileType = sourcecode.swift; path = "QuestionMO+CoreDataClass.swift"; sourceTree = "<group>"; };
		88C14D19201B5D4A00E42882 /* QuestionMO+CoreDataProperties.swift */ = {isa = PBXFileReference; lastKnownFileType = sourcecode.swift; path = "QuestionMO+CoreDataProperties.swift"; sourceTree = "<group>"; };
		88C14D1A201B5D4A00E42882 /* CategoryMO+CoreDataClass.swift */ = {isa = PBXFileReference; lastKnownFileType = sourcecode.swift; path = "CategoryMO+CoreDataClass.swift"; sourceTree = "<group>"; };
		88C14D1B201B5D4A00E42882 /* CategoryMO+CoreDataProperties.swift */ = {isa = PBXFileReference; lastKnownFileType = sourcecode.swift; path = "CategoryMO+CoreDataProperties.swift"; sourceTree = "<group>"; };
		88D1840020446FA4001A0A8D /* GlobalApperance.swift */ = {isa = PBXFileReference; lastKnownFileType = sourcecode.swift; path = GlobalApperance.swift; sourceTree = "<group>"; };
		D1EA48117FF9436725E3EAF9 /* Pods-Quiz.debug.xcconfig */ = {isa = PBXFileReference; includeInIndex = 1; lastKnownFileType = text.xcconfig; name = "Pods-Quiz.debug.xcconfig"; path = "Pods/Target Support Files/Pods-Quiz/Pods-Quiz.debug.xcconfig"; sourceTree = "<group>"; };
/* End PBXFileReference section */

/* Begin PBXFrameworksBuildPhase section */
		88452DDE2008A72F000AE4B2 /* Frameworks */ = {
			isa = PBXFrameworksBuildPhase;
			buildActionMask = 2147483647;
			files = (
				405BFB8ABDE7B2EDC4743121 /* Pods_Quiz.framework in Frameworks */,
			);
			runOnlyForDeploymentPostprocessing = 0;
		};
/* End PBXFrameworksBuildPhase section */

/* Begin PBXGroup section */
		212C0AE11B80B4475574DEE6 /* Pods */ = {
			isa = PBXGroup;
			children = (
				D1EA48117FF9436725E3EAF9 /* Pods-Quiz.debug.xcconfig */,
				43BBAF677F7AB9E393B52257 /* Pods-Quiz.release.xcconfig */,
			);
			name = Pods;
			sourceTree = "<group>";
		};
		3677010D6DD819F7C28166CB /* Frameworks */ = {
			isa = PBXGroup;
			children = (
				0547AE25FE9ABFC21D74555C /* Pods_Quiz.framework */,
			);
			name = Frameworks;
			sourceTree = "<group>";
		};
		49C4DB6C2055CC4C00980DD6 /* PlayMode */ = {
			isa = PBXGroup;
			children = (
				49C4DB6D2057288D00980DD6 /* PlayModeViewController.swift */,
				49C4DB692055CC2400980DD6 /* PlayModeViewController.xib */,
			);
			path = PlayMode;
			sourceTree = "<group>";
		};
		49CF927E2055746000FA68C0 /* MainMenu */ = {
			isa = PBXGroup;
			children = (
				49CF927A2055744E00FA68C0 /* MainMenuViewController.swift */,
				49CF927B2055744E00FA68C0 /* MainMenuViewController.xib */,
			);
			path = MainMenu;
			sourceTree = "<group>";
		};
		49CF92832055947500FA68C0 /* Levels */ = {
			isa = PBXGroup;
			children = (
				49CF927F2055946600FA68C0 /* PlayLevelsViewController.swift */,
				49CF92802055946600FA68C0 /* PlayLevelsViewController.xib */,
			);
			path = Levels;
			sourceTree = "<group>";
		};
		88452DD82008A72F000AE4B2 = {
			isa = PBXGroup;
			children = (
				88452DE32008A72F000AE4B2 /* Quiz */,
				88452DE22008A72F000AE4B2 /* Products */,
				212C0AE11B80B4475574DEE6 /* Pods */,
				3677010D6DD819F7C28166CB /* Frameworks */,
			);
			sourceTree = "<group>";
		};
		88452DE22008A72F000AE4B2 /* Products */ = {
			isa = PBXGroup;
			children = (
				88452DE12008A72F000AE4B2 /* Quiz.app */,
			);
			name = Products;
			sourceTree = "<group>";
		};
		88452DE32008A72F000AE4B2 /* Quiz */ = {
			isa = PBXGroup;
			children = (
				88452E242008A8E0000AE4B2 /* Extensions */,
				88452E212008A8DC000AE4B2 /* Protocols */,
				88452E1C2008A8D6000AE4B2 /* Helpers */,
				88452E0B2008A8CF000AE4B2 /* Models */,
				88452E042008A8C7000AE4B2 /* View */,
				88452DF72008A8B1000AE4B2 /* Controllers */,
				88452DF62008A882000AE4B2 /* Supported files */,
			);
			path = Quiz;
			sourceTree = "<group>";
		};
		88452DF62008A882000AE4B2 /* Supported files */ = {
			isa = PBXGroup;
			children = (
				8890193F204EFBD2008D5EDA /* Quiz.sqlite */,
				88452DE42008A72F000AE4B2 /* AppDelegate.swift */,
				88452DEB2008A72F000AE4B2 /* Assets.xcassets */,
				88452DED2008A72F000AE4B2 /* LaunchScreen.storyboard */,
				88452DF02008A72F000AE4B2 /* Info.plist */,
			);
			name = "Supported files";
			sourceTree = "<group>";
		};
		88452DF72008A8B1000AE4B2 /* Controllers */ = {
			isa = PBXGroup;
			children = (
				49CF927E2055746000FA68C0 /* MainMenu */,
				49C4DB6C2055CC4C00980DD6 /* PlayMode */,
				49CF92832055947500FA68C0 /* Levels */,
				88D183FE2044643B001A0A8D /* Questions */,
				88D183FF204464BD001A0A8D /* Answers */,
			);
			path = Controllers;
			sourceTree = "<group>";
		};
		88452E042008A8C7000AE4B2 /* View */ = {
			isa = PBXGroup;
			children = (
				88452E062008A8C7000AE4B2 /* QuestionTableViewCell.swift */,
				88452E072008A8C7000AE4B2 /* QuestionTableViewCell.xib */,
			);
			path = View;
			sourceTree = "<group>";
		};
		88452E0B2008A8CF000AE4B2 /* Models */ = {
			isa = PBXGroup;
			children = (
				8856ED96203D6A010067B9B1 /* Data */,
				88C14D10201B564600E42882 /* CoreData */,
				88452E0D2008A8CF000AE4B2 /* Network */,
			);
			path = Models;
			sourceTree = "<group>";
		};
		88452E0D2008A8CF000AE4B2 /* Network */ = {
			isa = PBXGroup;
			children = (
				88452E0E2008A8CF000AE4B2 /* Endpoints */,
				88452E112008A8D0000AE4B2 /* NetworkService.swift */,
			);
			path = Network;
			sourceTree = "<group>";
		};
		88452E0E2008A8CF000AE4B2 /* Endpoints */ = {
			isa = PBXGroup;
			children = (
				88452E102008A8CF000AE4B2 /* Endpoint.swift */,
				88452E0F2008A8CF000AE4B2 /* QuizEndpoint.swift */,
			);
			path = Endpoints;
			sourceTree = "<group>";
		};
		88452E1C2008A8D6000AE4B2 /* Helpers */ = {
			isa = PBXGroup;
			children = (
				88452E1E2008A8D6000AE4B2 /* Utils.swift */,
				88D1840020446FA4001A0A8D /* GlobalApperance.swift */,
			);
			path = Helpers;
			sourceTree = "<group>";
		};
		88452E212008A8DC000AE4B2 /* Protocols */ = {
			isa = PBXGroup;
			children = (
				88452E222008A8DC000AE4B2 /* Alertable.swift */,
				8824F66B20517FE200AD79BA /* NibLoadableView.swift */,
				8824F66A20517FE200AD79BA /* ReusableView.swift */,
			);
			path = Protocols;
			sourceTree = "<group>";
		};
		88452E242008A8E0000AE4B2 /* Extensions */ = {
			isa = PBXGroup;
			children = (
				88452E252008A8E0000AE4B2 /* Notification+Extansion.swift */,
				88452E262008A8E0000AE4B2 /* PKHUD+Extension.swift */,
				8824F66E2051820200AD79BA /* UITableView+Extansion.swift */,
			);
			path = Extensions;
			sourceTree = "<group>";
		};
		8856ED96203D6A010067B9B1 /* Data */ = {
			isa = PBXGroup;
			children = (
				88452E0C2008A8CF000AE4B2 /* DataManager.swift */,
				88C0D3762046B89D0029D6ED /* Constants.swift */,
				88C14D17201B5A1500E42882 /* Entities */,
			);
			path = Data;
			sourceTree = "<group>";
		};
		88C14D10201B564600E42882 /* CoreData */ = {
			isa = PBXGroup;
			children = (
				88C14D14201B567100E42882 /* CoreDataManager.swift */,
				88C14D16201B59D100E42882 /* MO Entities */,
				88C14D11201B565D00E42882 /* Quiz.xcdatamodeld */,
			);
			path = CoreData;
			sourceTree = "<group>";
		};
		88C14D16201B59D100E42882 /* MO Entities */ = {
			isa = PBXGroup;
			children = (
				88C14D1A201B5D4A00E42882 /* CategoryMO+CoreDataClass.swift */,
				88C14D1B201B5D4A00E42882 /* CategoryMO+CoreDataProperties.swift */,
				88C14D18201B5D4A00E42882 /* QuestionMO+CoreDataClass.swift */,
				88C14D19201B5D4A00E42882 /* QuestionMO+CoreDataProperties.swift */,
				4904DDDD204345ED0004F798 /* OptionMO+CoreDataClass.swift */,
				4904DDDE204345ED0004F798 /* OptionMO+CoreDataProperties.swift */,
			);
			path = "MO Entities";
			sourceTree = "<group>";
		};
		88C14D17201B5A1500E42882 /* Entities */ = {
			isa = PBXGroup;
			children = (
				88452E142008A8D0000AE4B2 /* Category.swift */,
				88452E132008A8D0000AE4B2 /* Question.swift */,
				88452E122008A8D0000AE4B2 /* QuestionStorage.swift */,
			);
			path = Entities;
			sourceTree = "<group>";
		};
		88D183FE2044643B001A0A8D /* Questions */ = {
			isa = PBXGroup;
			children = (
				88452DF82008A8B1000AE4B2 /* QuestionViewController.swift */,
				88452DFC2008A8B1000AE4B2 /* QuestionViewController.xib */,
			);
			path = Questions;
			sourceTree = "<group>";
		};
		88D183FF204464BD001A0A8D /* Answers */ = {
			isa = PBXGroup;
			children = (
				88BC8D5E2059503400835223 /* AnswerLifeViewController.swift */,
				88BC8D5F2059503400835223 /* AnswerLifeViewController.xib */,
				88452DFB2008A8B1000AE4B2 /* AnswerTimeViewController.swift */,
				88452DFA2008A8B1000AE4B2 /* AnswerTimeViewController.xib */,
			);
			path = Answers;
			sourceTree = "<group>";
		};
/* End PBXGroup section */

/* Begin PBXNativeTarget section */
		88452DE02008A72F000AE4B2 /* Quiz */ = {
			isa = PBXNativeTarget;
			buildConfigurationList = 88452DF32008A72F000AE4B2 /* Build configuration list for PBXNativeTarget "Quiz" */;
			buildPhases = (
				62FF00015235E150DEEF95C3 /* [CP] Check Pods Manifest.lock */,
				88452DDD2008A72F000AE4B2 /* Sources */,
				88452DDE2008A72F000AE4B2 /* Frameworks */,
				88452DDF2008A72F000AE4B2 /* Resources */,
				972E598AE40FB449D5AAA5F2 /* [CP] Embed Pods Frameworks */,
				21ED619D585ACFB9567F0BB7 /* [CP] Copy Pods Resources */,
			);
			buildRules = (
			);
			dependencies = (
			);
			name = Quiz;
			productName = Quiz;
			productReference = 88452DE12008A72F000AE4B2 /* Quiz.app */;
			productType = "com.apple.product-type.application";
		};
/* End PBXNativeTarget section */

/* Begin PBXProject section */
		88452DD92008A72F000AE4B2 /* Project object */ = {
			isa = PBXProject;
			attributes = {
				LastSwiftUpdateCheck = 0920;
				LastUpgradeCheck = 0920;
				ORGANIZATIONNAME = Sergio;
				TargetAttributes = {
					88452DE02008A72F000AE4B2 = {
						CreatedOnToolsVersion = 9.2;
						ProvisioningStyle = Automatic;
					};
				};
			};
			buildConfigurationList = 88452DDC2008A72F000AE4B2 /* Build configuration list for PBXProject "Quiz" */;
			compatibilityVersion = "Xcode 8.0";
			developmentRegion = en;
			hasScannedForEncodings = 0;
			knownRegions = (
				en,
				Base,
			);
			mainGroup = 88452DD82008A72F000AE4B2;
			productRefGroup = 88452DE22008A72F000AE4B2 /* Products */;
			projectDirPath = "";
			projectRoot = "";
			targets = (
				88452DE02008A72F000AE4B2 /* Quiz */,
			);
		};
/* End PBXProject section */

/* Begin PBXResourcesBuildPhase section */
		88452DDF2008A72F000AE4B2 /* Resources */ = {
			isa = PBXResourcesBuildPhase;
			buildActionMask = 2147483647;
			files = (
				88452E002008A8B1000AE4B2 /* AnswerTimeViewController.xib in Resources */,
				88452E0A2008A8C7000AE4B2 /* QuestionTableViewCell.xib in Resources */,
				88452DEF2008A72F000AE4B2 /* LaunchScreen.storyboard in Resources */,
				49C4DB6B2055CC2400980DD6 /* PlayModeViewController.xib in Resources */,
				88F6745920595F7800ED44E7 /* AnswerLifeViewController.xib in Resources */,
				88901942204EFBD2008D5EDA /* Quiz.sqlite in Resources */,
				49CF927D2055744E00FA68C0 /* MainMenuViewController.xib in Resources */,
				88452DEC2008A72F000AE4B2 /* Assets.xcassets in Resources */,
				49CF92822055946600FA68C0 /* PlayLevelsViewController.xib in Resources */,
				88452E022008A8B1000AE4B2 /* QuestionViewController.xib in Resources */,
			);
			runOnlyForDeploymentPostprocessing = 0;
		};
/* End PBXResourcesBuildPhase section */

/* Begin PBXShellScriptBuildPhase section */
		21ED619D585ACFB9567F0BB7 /* [CP] Copy Pods Resources */ = {
			isa = PBXShellScriptBuildPhase;
			buildActionMask = 2147483647;
			files = (
			);
			inputPaths = (
			);
			name = "[CP] Copy Pods Resources";
			outputPaths = (
			);
			runOnlyForDeploymentPostprocessing = 0;
			shellPath = /bin/sh;
			shellScript = "\"${SRCROOT}/Pods/Target Support Files/Pods-Quiz/Pods-Quiz-resources.sh\"\n";
			showEnvVarsInLog = 0;
		};
		62FF00015235E150DEEF95C3 /* [CP] Check Pods Manifest.lock */ = {
			isa = PBXShellScriptBuildPhase;
			buildActionMask = 2147483647;
			files = (
			);
			inputPaths = (
				"${PODS_PODFILE_DIR_PATH}/Podfile.lock",
				"${PODS_ROOT}/Manifest.lock",
			);
			name = "[CP] Check Pods Manifest.lock";
			outputPaths = (
				"$(DERIVED_FILE_DIR)/Pods-Quiz-checkManifestLockResult.txt",
			);
			runOnlyForDeploymentPostprocessing = 0;
			shellPath = /bin/sh;
			shellScript = "diff \"${PODS_PODFILE_DIR_PATH}/Podfile.lock\" \"${PODS_ROOT}/Manifest.lock\" > /dev/null\nif [ $? != 0 ] ; then\n    # print error to STDERR\n    echo \"error: The sandbox is not in sync with the Podfile.lock. Run 'pod install' or update your CocoaPods installation.\" >&2\n    exit 1\nfi\n# This output is used by Xcode 'outputs' to avoid re-running this script phase.\necho \"SUCCESS\" > \"${SCRIPT_OUTPUT_FILE_0}\"\n";
			showEnvVarsInLog = 0;
		};
		972E598AE40FB449D5AAA5F2 /* [CP] Embed Pods Frameworks */ = {
			isa = PBXShellScriptBuildPhase;
			buildActionMask = 2147483647;
			files = (
			);
			inputPaths = (
				"${SRCROOT}/Pods/Target Support Files/Pods-Quiz/Pods-Quiz-frameworks.sh",
				"${BUILT_PRODUCTS_DIR}/Alamofire/Alamofire.framework",
				"${BUILT_PRODUCTS_DIR}/PKHUD/PKHUD.framework",
				"${BUILT_PRODUCTS_DIR}/SwiftyJSON/SwiftyJSON.framework",
			);
			name = "[CP] Embed Pods Frameworks";
			outputPaths = (
				"${TARGET_BUILD_DIR}/${FRAMEWORKS_FOLDER_PATH}/Alamofire.framework",
				"${TARGET_BUILD_DIR}/${FRAMEWORKS_FOLDER_PATH}/PKHUD.framework",
				"${TARGET_BUILD_DIR}/${FRAMEWORKS_FOLDER_PATH}/SwiftyJSON.framework",
			);
			runOnlyForDeploymentPostprocessing = 0;
			shellPath = /bin/sh;
			shellScript = "\"${SRCROOT}/Pods/Target Support Files/Pods-Quiz/Pods-Quiz-frameworks.sh\"\n";
			showEnvVarsInLog = 0;
		};
/* End PBXShellScriptBuildPhase section */

/* Begin PBXSourcesBuildPhase section */
		88452DDD2008A72F000AE4B2 /* Sources */ = {
			isa = PBXSourcesBuildPhase;
			buildActionMask = 2147483647;
			files = (
				88452E282008A8E0000AE4B2 /* PKHUD+Extension.swift in Sources */,
				88452E192008A8D0000AE4B2 /* QuestionStorage.swift in Sources */,
				88452E182008A8D0000AE4B2 /* NetworkService.swift in Sources */,
				88C14D1F201B5D4A00E42882 /* CategoryMO+CoreDataProperties.swift in Sources */,
				8824F66D20517FE200AD79BA /* NibLoadableView.swift in Sources */,
				88C14D13201B565D00E42882 /* Quiz.xcdatamodeld in Sources */,
				88452E172008A8D0000AE4B2 /* Endpoint.swift in Sources */,
				8824F66C20517FE200AD79BA /* ReusableView.swift in Sources */,
				88BC8D602059503400835223 /* AnswerLifeViewController.swift in Sources */,
				88452E012008A8B1000AE4B2 /* AnswerTimeViewController.swift in Sources */,
				88C14D1D201B5D4A00E42882 /* QuestionMO+CoreDataProperties.swift in Sources */,
				88452E202008A8D6000AE4B2 /* Utils.swift in Sources */,
				88C0D3772046B89D0029D6ED /* Constants.swift in Sources */,
				88D1840120446FA4001A0A8D /* GlobalApperance.swift in Sources */,
				8824F66F2051820200AD79BA /* UITableView+Extansion.swift in Sources */,
				49CF927C2055744E00FA68C0 /* MainMenuViewController.swift in Sources */,
				88452E232008A8DC000AE4B2 /* Alertable.swift in Sources */,
				88452E272008A8E0000AE4B2 /* Notification+Extansion.swift in Sources */,
				88452DFE2008A8B1000AE4B2 /* QuestionViewController.swift in Sources */,
				88452E152008A8D0000AE4B2 /* DataManager.swift in Sources */,
				88C14D1E201B5D4A00E42882 /* CategoryMO+CoreDataClass.swift in Sources */,
				4904DDDF204345ED0004F798 /* OptionMO+CoreDataClass.swift in Sources */,
				88452DE52008A72F000AE4B2 /* AppDelegate.swift in Sources */,
				88452E1B2008A8D0000AE4B2 /* Category.swift in Sources */,
				88452E1A2008A8D0000AE4B2 /* Question.swift in Sources */,
				88452E092008A8C7000AE4B2 /* QuestionTableViewCell.swift in Sources */,
				88C14D1C201B5D4A00E42882 /* QuestionMO+CoreDataClass.swift in Sources */,
				88C14D15201B567100E42882 /* CoreDataManager.swift in Sources */,
				49CF92812055946600FA68C0 /* PlayLevelsViewController.swift in Sources */,
				4904DDE0204345ED0004F798 /* OptionMO+CoreDataProperties.swift in Sources */,
				88452E162008A8D0000AE4B2 /* QuizEndpoint.swift in Sources */,
				49C4DB6E2057288D00980DD6 /* PlayModeViewController.swift in Sources */,
			);
			runOnlyForDeploymentPostprocessing = 0;
		};
/* End PBXSourcesBuildPhase section */

/* Begin PBXVariantGroup section */
		88452DED2008A72F000AE4B2 /* LaunchScreen.storyboard */ = {
			isa = PBXVariantGroup;
			children = (
				88452DEE2008A72F000AE4B2 /* Base */,
			);
			name = LaunchScreen.storyboard;
			sourceTree = "<group>";
		};
/* End PBXVariantGroup section */

/* Begin XCBuildConfiguration section */
		88452DF12008A72F000AE4B2 /* Debug */ = {
			isa = XCBuildConfiguration;
			buildSettings = {
				ALWAYS_SEARCH_USER_PATHS = NO;
				CLANG_ANALYZER_NONNULL = YES;
				CLANG_ANALYZER_NUMBER_OBJECT_CONVERSION = YES_AGGRESSIVE;
				CLANG_CXX_LANGUAGE_STANDARD = "gnu++14";
				CLANG_CXX_LIBRARY = "libc++";
				CLANG_ENABLE_MODULES = YES;
				CLANG_ENABLE_OBJC_ARC = YES;
				CLANG_WARN_BLOCK_CAPTURE_AUTORELEASING = YES;
				CLANG_WARN_BOOL_CONVERSION = YES;
				CLANG_WARN_COMMA = YES;
				CLANG_WARN_CONSTANT_CONVERSION = YES;
				CLANG_WARN_DIRECT_OBJC_ISA_USAGE = YES_ERROR;
				CLANG_WARN_DOCUMENTATION_COMMENTS = YES;
				CLANG_WARN_EMPTY_BODY = YES;
				CLANG_WARN_ENUM_CONVERSION = YES;
				CLANG_WARN_INFINITE_RECURSION = YES;
				CLANG_WARN_INT_CONVERSION = YES;
				CLANG_WARN_NON_LITERAL_NULL_CONVERSION = YES;
				CLANG_WARN_OBJC_LITERAL_CONVERSION = YES;
				CLANG_WARN_OBJC_ROOT_CLASS = YES_ERROR;
				CLANG_WARN_RANGE_LOOP_ANALYSIS = YES;
				CLANG_WARN_STRICT_PROTOTYPES = YES;
				CLANG_WARN_SUSPICIOUS_MOVE = YES;
				CLANG_WARN_UNGUARDED_AVAILABILITY = YES_AGGRESSIVE;
				CLANG_WARN_UNREACHABLE_CODE = YES;
				CLANG_WARN__DUPLICATE_METHOD_MATCH = YES;
				CODE_SIGN_IDENTITY = "iPhone Developer";
				COPY_PHASE_STRIP = NO;
				DEBUG_INFORMATION_FORMAT = dwarf;
				ENABLE_STRICT_OBJC_MSGSEND = YES;
				ENABLE_TESTABILITY = YES;
				GCC_C_LANGUAGE_STANDARD = gnu11;
				GCC_DYNAMIC_NO_PIC = NO;
				GCC_NO_COMMON_BLOCKS = YES;
				GCC_OPTIMIZATION_LEVEL = 0;
				GCC_PREPROCESSOR_DEFINITIONS = (
					"DEBUG=1",
					"$(inherited)",
				);
				GCC_WARN_64_TO_32_BIT_CONVERSION = YES;
				GCC_WARN_ABOUT_RETURN_TYPE = YES_ERROR;
				GCC_WARN_UNDECLARED_SELECTOR = YES;
				GCC_WARN_UNINITIALIZED_AUTOS = YES_AGGRESSIVE;
				GCC_WARN_UNUSED_FUNCTION = YES;
				GCC_WARN_UNUSED_VARIABLE = YES;
				IPHONEOS_DEPLOYMENT_TARGET = 11.2;
				MTL_ENABLE_DEBUG_INFO = YES;
				ONLY_ACTIVE_ARCH = YES;
				SDKROOT = iphoneos;
				SWIFT_ACTIVE_COMPILATION_CONDITIONS = DEBUG;
				SWIFT_OPTIMIZATION_LEVEL = "-Onone";
			};
			name = Debug;
		};
		88452DF22008A72F000AE4B2 /* Release */ = {
			isa = XCBuildConfiguration;
			buildSettings = {
				ALWAYS_SEARCH_USER_PATHS = NO;
				CLANG_ANALYZER_NONNULL = YES;
				CLANG_ANALYZER_NUMBER_OBJECT_CONVERSION = YES_AGGRESSIVE;
				CLANG_CXX_LANGUAGE_STANDARD = "gnu++14";
				CLANG_CXX_LIBRARY = "libc++";
				CLANG_ENABLE_MODULES = YES;
				CLANG_ENABLE_OBJC_ARC = YES;
				CLANG_WARN_BLOCK_CAPTURE_AUTORELEASING = YES;
				CLANG_WARN_BOOL_CONVERSION = YES;
				CLANG_WARN_COMMA = YES;
				CLANG_WARN_CONSTANT_CONVERSION = YES;
				CLANG_WARN_DIRECT_OBJC_ISA_USAGE = YES_ERROR;
				CLANG_WARN_DOCUMENTATION_COMMENTS = YES;
				CLANG_WARN_EMPTY_BODY = YES;
				CLANG_WARN_ENUM_CONVERSION = YES;
				CLANG_WARN_INFINITE_RECURSION = YES;
				CLANG_WARN_INT_CONVERSION = YES;
				CLANG_WARN_NON_LITERAL_NULL_CONVERSION = YES;
				CLANG_WARN_OBJC_LITERAL_CONVERSION = YES;
				CLANG_WARN_OBJC_ROOT_CLASS = YES_ERROR;
				CLANG_WARN_RANGE_LOOP_ANALYSIS = YES;
				CLANG_WARN_STRICT_PROTOTYPES = YES;
				CLANG_WARN_SUSPICIOUS_MOVE = YES;
				CLANG_WARN_UNGUARDED_AVAILABILITY = YES_AGGRESSIVE;
				CLANG_WARN_UNREACHABLE_CODE = YES;
				CLANG_WARN__DUPLICATE_METHOD_MATCH = YES;
				CODE_SIGN_IDENTITY = "iPhone Developer";
				COPY_PHASE_STRIP = NO;
				DEBUG_INFORMATION_FORMAT = "dwarf-with-dsym";
				ENABLE_NS_ASSERTIONS = NO;
				ENABLE_STRICT_OBJC_MSGSEND = YES;
				GCC_C_LANGUAGE_STANDARD = gnu11;
				GCC_NO_COMMON_BLOCKS = YES;
				GCC_WARN_64_TO_32_BIT_CONVERSION = YES;
				GCC_WARN_ABOUT_RETURN_TYPE = YES_ERROR;
				GCC_WARN_UNDECLARED_SELECTOR = YES;
				GCC_WARN_UNINITIALIZED_AUTOS = YES_AGGRESSIVE;
				GCC_WARN_UNUSED_FUNCTION = YES;
				GCC_WARN_UNUSED_VARIABLE = YES;
				IPHONEOS_DEPLOYMENT_TARGET = 11.2;
				MTL_ENABLE_DEBUG_INFO = NO;
				SDKROOT = iphoneos;
				SWIFT_OPTIMIZATION_LEVEL = "-Owholemodule";
				VALIDATE_PRODUCT = YES;
			};
			name = Release;
		};
		88452DF42008A72F000AE4B2 /* Debug */ = {
			isa = XCBuildConfiguration;
			baseConfigurationReference = D1EA48117FF9436725E3EAF9 /* Pods-Quiz.debug.xcconfig */;
			buildSettings = {
				ASSETCATALOG_COMPILER_APPICON_NAME = AppIcon;
				CODE_SIGN_STYLE = Automatic;
				DEVELOPMENT_TEAM = E8DYRFL62Y;
				INFOPLIST_FILE = Quiz/Info.plist;
				LD_RUNPATH_SEARCH_PATHS = "$(inherited) @executable_path/Frameworks";
				PRODUCT_BUNDLE_IDENTIFIER = SG.Quiz;
				PRODUCT_NAME = "$(TARGET_NAME)";
				SWIFT_VERSION = 4.0;
				TARGETED_DEVICE_FAMILY = "1,2";
			};
			name = Debug;
		};
		88452DF52008A72F000AE4B2 /* Release */ = {
			isa = XCBuildConfiguration;
			baseConfigurationReference = 43BBAF677F7AB9E393B52257 /* Pods-Quiz.release.xcconfig */;
			buildSettings = {
				ASSETCATALOG_COMPILER_APPICON_NAME = AppIcon;
				CODE_SIGN_STYLE = Automatic;
				DEVELOPMENT_TEAM = E8DYRFL62Y;
				INFOPLIST_FILE = Quiz/Info.plist;
				LD_RUNPATH_SEARCH_PATHS = "$(inherited) @executable_path/Frameworks";
				PRODUCT_BUNDLE_IDENTIFIER = SG.Quiz;
				PRODUCT_NAME = "$(TARGET_NAME)";
				SWIFT_VERSION = 4.0;
				TARGETED_DEVICE_FAMILY = "1,2";
			};
			name = Release;
		};
/* End XCBuildConfiguration section */

/* Begin XCConfigurationList section */
		88452DDC2008A72F000AE4B2 /* Build configuration list for PBXProject "Quiz" */ = {
			isa = XCConfigurationList;
			buildConfigurations = (
				88452DF12008A72F000AE4B2 /* Debug */,
				88452DF22008A72F000AE4B2 /* Release */,
			);
			defaultConfigurationIsVisible = 0;
			defaultConfigurationName = Release;
		};
		88452DF32008A72F000AE4B2 /* Build configuration list for PBXNativeTarget "Quiz" */ = {
			isa = XCConfigurationList;
			buildConfigurations = (
				88452DF42008A72F000AE4B2 /* Debug */,
				88452DF52008A72F000AE4B2 /* Release */,
			);
			defaultConfigurationIsVisible = 0;
			defaultConfigurationName = Release;
		};
/* End XCConfigurationList section */

/* Begin XCVersionGroup section */
		88C14D11201B565D00E42882 /* Quiz.xcdatamodeld */ = {
			isa = XCVersionGroup;
			children = (
				88C14D12201B565D00E42882 /* Quiz.xcdatamodel */,
			);
			currentVersion = 88C14D12201B565D00E42882 /* Quiz.xcdatamodel */;
			path = Quiz.xcdatamodeld;
			sourceTree = "<group>";
			versionGroupType = wrapper.xcdatamodel;
		};
/* End XCVersionGroup section */
	};
	rootObject = 88452DD92008A72F000AE4B2 /* Project object */;
}
